// !$*UTF8*$!
{
	archiveVersion = 1;
	classes = {
	};
	objectVersion = 55;
	objects = {

/* Begin PBXBuildFile section */
		17EB37DDF43B5E9B8D70BA0A /* Pods_Termo_TermoUITests.framework in Frameworks */ = {isa = PBXBuildFile; fileRef = 3DD8699978CB47804C676389 /* Pods_Termo_TermoUITests.framework */; };
		209BA45F2856381A00D6AFDF /* AppDelegate.swift in Sources */ = {isa = PBXBuildFile; fileRef = 209BA45E2856381A00D6AFDF /* AppDelegate.swift */; };
		209BA4632856381A00D6AFDF /* HomeViewController.swift in Sources */ = {isa = PBXBuildFile; fileRef = 209BA4622856381A00D6AFDF /* HomeViewController.swift */; };
		209BA4692856381A00D6AFDF /* Termo.xcdatamodeld in Sources */ = {isa = PBXBuildFile; fileRef = 209BA4672856381A00D6AFDF /* Termo.xcdatamodeld */; };
		209BA46B2856381A00D6AFDF /* Assets.xcassets in Resources */ = {isa = PBXBuildFile; fileRef = 209BA46A2856381A00D6AFDF /* Assets.xcassets */; };
		209BA46E2856381A00D6AFDF /* LaunchScreen.storyboard in Resources */ = {isa = PBXBuildFile; fileRef = 209BA46C2856381A00D6AFDF /* LaunchScreen.storyboard */; };
		209BA4792856381B00D6AFDF /* TermoTests.swift in Sources */ = {isa = PBXBuildFile; fileRef = 209BA4782856381B00D6AFDF /* TermoTests.swift */; };
		209BA4832856381B00D6AFDF /* TermoUITests.swift in Sources */ = {isa = PBXBuildFile; fileRef = 209BA4822856381B00D6AFDF /* TermoUITests.swift */; };
		209BA4852856381B00D6AFDF /* TermoUITestsLaunchTests.swift in Sources */ = {isa = PBXBuildFile; fileRef = 209BA4842856381B00D6AFDF /* TermoUITestsLaunchTests.swift */; };
		209BA49328563A2800D6AFDF /* TinyConstraints in Frameworks */ = {isa = PBXBuildFile; productRef = 209BA49228563A2800D6AFDF /* TinyConstraints */; };
		209BA49728563CB700D6AFDF /* AppCoordinator.swift in Sources */ = {isa = PBXBuildFile; fileRef = 209BA49628563CB700D6AFDF /* AppCoordinator.swift */; };
		209BA664285771C600D6AFDF /* HomeViewModel.swift in Sources */ = {isa = PBXBuildFile; fileRef = 209BA662285771C600D6AFDF /* HomeViewModel.swift */; };
		209BA665285771C600D6AFDF /* HomeView.swift in Sources */ = {isa = PBXBuildFile; fileRef = 209BA663285771C600D6AFDF /* HomeView.swift */; };
		209BA6672857741200D6AFDF /* GameViewController.swift in Sources */ = {isa = PBXBuildFile; fileRef = 209BA6662857741200D6AFDF /* GameViewController.swift */; };
		209BA67E28577A1B00D6AFDF /* TinyConstraints in Frameworks */ = {isa = PBXBuildFile; productRef = 209BA67D28577A1B00D6AFDF /* TinyConstraints */; };
		52A1391A3265AA474B4B417A /* Pods_TermoTests.framework in Frameworks */ = {isa = PBXBuildFile; fileRef = 81AB65A2AC9F53DC8D4301FD /* Pods_TermoTests.framework */; };
		6CE486728A2C7AD137A73BF0 /* Pods_Termo.framework in Frameworks */ = {isa = PBXBuildFile; fileRef = 7C31E9DBAE140086F5816E0A /* Pods_Termo.framework */; };
/* End PBXBuildFile section */

/* Begin PBXContainerItemProxy section */
		209BA4752856381B00D6AFDF /* PBXContainerItemProxy */ = {
			isa = PBXContainerItemProxy;
			containerPortal = 209BA4532856381A00D6AFDF /* Project object */;
			proxyType = 1;
			remoteGlobalIDString = 209BA45A2856381A00D6AFDF;
			remoteInfo = Termo;
		};
		209BA47F2856381B00D6AFDF /* PBXContainerItemProxy */ = {
			isa = PBXContainerItemProxy;
			containerPortal = 209BA4532856381A00D6AFDF /* Project object */;
			proxyType = 1;
			remoteGlobalIDString = 209BA45A2856381A00D6AFDF;
			remoteInfo = Termo;
		};
/* End PBXContainerItemProxy section */

/* Begin PBXFileReference section */
		1F3C1A3281442CB4F30EC072 /* Pods-Termo.release.xcconfig */ = {isa = PBXFileReference; includeInIndex = 1; lastKnownFileType = text.xcconfig; name = "Pods-Termo.release.xcconfig"; path = "Target Support Files/Pods-Termo/Pods-Termo.release.xcconfig"; sourceTree = "<group>"; };
		209BA45B2856381A00D6AFDF /* Termo.app */ = {isa = PBXFileReference; explicitFileType = wrapper.application; includeInIndex = 0; path = Termo.app; sourceTree = BUILT_PRODUCTS_DIR; };
		209BA45E2856381A00D6AFDF /* AppDelegate.swift */ = {isa = PBXFileReference; lastKnownFileType = sourcecode.swift; path = AppDelegate.swift; sourceTree = "<group>"; };
		209BA4622856381A00D6AFDF /* HomeViewController.swift */ = {isa = PBXFileReference; lastKnownFileType = sourcecode.swift; path = HomeViewController.swift; sourceTree = "<group>"; };
		209BA4682856381A00D6AFDF /* Termo.xcdatamodel */ = {isa = PBXFileReference; lastKnownFileType = wrapper.xcdatamodel; path = Termo.xcdatamodel; sourceTree = "<group>"; };
		209BA46A2856381A00D6AFDF /* Assets.xcassets */ = {isa = PBXFileReference; lastKnownFileType = folder.assetcatalog; path = Assets.xcassets; sourceTree = "<group>"; };
		209BA46D2856381A00D6AFDF /* Base */ = {isa = PBXFileReference; lastKnownFileType = file.storyboard; name = Base; path = Base.lproj/LaunchScreen.storyboard; sourceTree = "<group>"; };
		209BA46F2856381A00D6AFDF /* Info.plist */ = {isa = PBXFileReference; lastKnownFileType = text.plist.xml; path = Info.plist; sourceTree = "<group>"; };
		209BA4742856381B00D6AFDF /* TermoTests.xctest */ = {isa = PBXFileReference; explicitFileType = wrapper.cfbundle; includeInIndex = 0; path = TermoTests.xctest; sourceTree = BUILT_PRODUCTS_DIR; };
		209BA4782856381B00D6AFDF /* TermoTests.swift */ = {isa = PBXFileReference; lastKnownFileType = sourcecode.swift; path = TermoTests.swift; sourceTree = "<group>"; };
		209BA47E2856381B00D6AFDF /* TermoUITests.xctest */ = {isa = PBXFileReference; explicitFileType = wrapper.cfbundle; includeInIndex = 0; path = TermoUITests.xctest; sourceTree = BUILT_PRODUCTS_DIR; };
		209BA4822856381B00D6AFDF /* TermoUITests.swift */ = {isa = PBXFileReference; lastKnownFileType = sourcecode.swift; path = TermoUITests.swift; sourceTree = "<group>"; };
		209BA4842856381B00D6AFDF /* TermoUITestsLaunchTests.swift */ = {isa = PBXFileReference; lastKnownFileType = sourcecode.swift; path = TermoUITestsLaunchTests.swift; sourceTree = "<group>"; };
		209BA49628563CB700D6AFDF /* AppCoordinator.swift */ = {isa = PBXFileReference; lastKnownFileType = sourcecode.swift; path = AppCoordinator.swift; sourceTree = "<group>"; };
		209BA662285771C600D6AFDF /* HomeViewModel.swift */ = {isa = PBXFileReference; fileEncoding = 4; lastKnownFileType = sourcecode.swift; path = HomeViewModel.swift; sourceTree = "<group>"; };
		209BA663285771C600D6AFDF /* HomeView.swift */ = {isa = PBXFileReference; fileEncoding = 4; lastKnownFileType = sourcecode.swift; path = HomeView.swift; sourceTree = "<group>"; };
		209BA6662857741200D6AFDF /* GameViewController.swift */ = {isa = PBXFileReference; lastKnownFileType = sourcecode.swift; path = GameViewController.swift; sourceTree = "<group>"; };
		3CA7A9530B1740F285C58DFF /* Pods-Termo-TermoUITests.release.xcconfig */ = {isa = PBXFileReference; includeInIndex = 1; lastKnownFileType = text.xcconfig; name = "Pods-Termo-TermoUITests.release.xcconfig"; path = "Target Support Files/Pods-Termo-TermoUITests/Pods-Termo-TermoUITests.release.xcconfig"; sourceTree = "<group>"; };
		3DD8699978CB47804C676389 /* Pods_Termo_TermoUITests.framework */ = {isa = PBXFileReference; explicitFileType = wrapper.framework; includeInIndex = 0; path = Pods_Termo_TermoUITests.framework; sourceTree = BUILT_PRODUCTS_DIR; };
		6AACE1D1EF48F34E74E3B051 /* Pods-Termo.debug.xcconfig */ = {isa = PBXFileReference; includeInIndex = 1; lastKnownFileType = text.xcconfig; name = "Pods-Termo.debug.xcconfig"; path = "Target Support Files/Pods-Termo/Pods-Termo.debug.xcconfig"; sourceTree = "<group>"; };
		7C31E9DBAE140086F5816E0A /* Pods_Termo.framework */ = {isa = PBXFileReference; explicitFileType = wrapper.framework; includeInIndex = 0; path = Pods_Termo.framework; sourceTree = BUILT_PRODUCTS_DIR; };
		81AB65A2AC9F53DC8D4301FD /* Pods_TermoTests.framework */ = {isa = PBXFileReference; explicitFileType = wrapper.framework; includeInIndex = 0; path = Pods_TermoTests.framework; sourceTree = BUILT_PRODUCTS_DIR; };
		970F45EB14EBF4C68CA2153E /* Pods-TermoTests.release.xcconfig */ = {isa = PBXFileReference; includeInIndex = 1; lastKnownFileType = text.xcconfig; name = "Pods-TermoTests.release.xcconfig"; path = "Target Support Files/Pods-TermoTests/Pods-TermoTests.release.xcconfig"; sourceTree = "<group>"; };
		A1AA8E630A2C26CDFE29D84A /* Pods-Termo-TermoUITests.debug.xcconfig */ = {isa = PBXFileReference; includeInIndex = 1; lastKnownFileType = text.xcconfig; name = "Pods-Termo-TermoUITests.debug.xcconfig"; path = "Target Support Files/Pods-Termo-TermoUITests/Pods-Termo-TermoUITests.debug.xcconfig"; sourceTree = "<group>"; };
		EB92389256157A836F340B0D /* Pods-TermoTests.debug.xcconfig */ = {isa = PBXFileReference; includeInIndex = 1; lastKnownFileType = text.xcconfig; name = "Pods-TermoTests.debug.xcconfig"; path = "Target Support Files/Pods-TermoTests/Pods-TermoTests.debug.xcconfig"; sourceTree = "<group>"; };
/* End PBXFileReference section */

/* Begin PBXFrameworksBuildPhase section */
		209BA4582856381A00D6AFDF /* Frameworks */ = {
			isa = PBXFrameworksBuildPhase;
			buildActionMask = 2147483647;
			files = (
				209BA49328563A2800D6AFDF /* TinyConstraints in Frameworks */,
				6CE486728A2C7AD137A73BF0 /* Pods_Termo.framework in Frameworks */,
				209BA67E28577A1B00D6AFDF /* TinyConstraints in Frameworks */,
			);
			runOnlyForDeploymentPostprocessing = 0;
		};
		209BA4712856381B00D6AFDF /* Frameworks */ = {
			isa = PBXFrameworksBuildPhase;
			buildActionMask = 2147483647;
			files = (
				52A1391A3265AA474B4B417A /* Pods_TermoTests.framework in Frameworks */,
			);
			runOnlyForDeploymentPostprocessing = 0;
		};
		209BA47B2856381B00D6AFDF /* Frameworks */ = {
			isa = PBXFrameworksBuildPhase;
			buildActionMask = 2147483647;
			files = (
				17EB37DDF43B5E9B8D70BA0A /* Pods_Termo_TermoUITests.framework in Frameworks */,
			);
			runOnlyForDeploymentPostprocessing = 0;
		};
/* End PBXFrameworksBuildPhase section */

/* Begin PBXGroup section */
		209BA4522856381A00D6AFDF = {
			isa = PBXGroup;
			children = (
				209BA45D2856381A00D6AFDF /* Termo */,
				209BA4772856381B00D6AFDF /* TermoTests */,
				209BA4812856381B00D6AFDF /* TermoUITests */,
				209BA45C2856381A00D6AFDF /* Products */,
				22212EA87D1C9C3371D48E8F /* Pods */,
				A940B9EF5ECB4E97EBCC6F9E /* Frameworks */,
			);
			sourceTree = "<group>";
		};
		209BA45C2856381A00D6AFDF /* Products */ = {
			isa = PBXGroup;
			children = (
				209BA45B2856381A00D6AFDF /* Termo.app */,
				209BA4742856381B00D6AFDF /* TermoTests.xctest */,
				209BA47E2856381B00D6AFDF /* TermoUITests.xctest */,
			);
			name = Products;
			sourceTree = "<group>";
		};
		209BA45D2856381A00D6AFDF /* Termo */ = {
			isa = PBXGroup;
			children = (
				209BA6662857741200D6AFDF /* GameViewController.swift */,
				209BA49528563C1800D6AFDF /* Resources */,
				209BA49428563BEF00D6AFDF /* Home */,
				209BA46F2856381A00D6AFDF /* Info.plist */,
				209BA49628563CB700D6AFDF /* AppCoordinator.swift */,
			);
			path = Termo;
			sourceTree = "<group>";
		};
		209BA4772856381B00D6AFDF /* TermoTests */ = {
			isa = PBXGroup;
			children = (
				209BA4782856381B00D6AFDF /* TermoTests.swift */,
			);
			path = TermoTests;
			sourceTree = "<group>";
		};
		209BA4812856381B00D6AFDF /* TermoUITests */ = {
			isa = PBXGroup;
			children = (
				209BA4822856381B00D6AFDF /* TermoUITests.swift */,
				209BA4842856381B00D6AFDF /* TermoUITestsLaunchTests.swift */,
			);
			path = TermoUITests;
			sourceTree = "<group>";
		};
		209BA49428563BEF00D6AFDF /* Home */ = {
			isa = PBXGroup;
			children = (
				209BA663285771C600D6AFDF /* HomeView.swift */,
				209BA662285771C600D6AFDF /* HomeViewModel.swift */,
				209BA4622856381A00D6AFDF /* HomeViewController.swift */,
			);
			path = Home;
			sourceTree = "<group>";
		};
		209BA49528563C1800D6AFDF /* Resources */ = {
			isa = PBXGroup;
			children = (
				209BA4672856381A00D6AFDF /* Termo.xcdatamodeld */,
				209BA46A2856381A00D6AFDF /* Assets.xcassets */,
				209BA45E2856381A00D6AFDF /* AppDelegate.swift */,
				209BA46C2856381A00D6AFDF /* LaunchScreen.storyboard */,
			);
			path = Resources;
			sourceTree = "<group>";
		};
		22212EA87D1C9C3371D48E8F /* Pods */ = {
			isa = PBXGroup;
			children = (
				6AACE1D1EF48F34E74E3B051 /* Pods-Termo.debug.xcconfig */,
				1F3C1A3281442CB4F30EC072 /* Pods-Termo.release.xcconfig */,
				A1AA8E630A2C26CDFE29D84A /* Pods-Termo-TermoUITests.debug.xcconfig */,
				3CA7A9530B1740F285C58DFF /* Pods-Termo-TermoUITests.release.xcconfig */,
				EB92389256157A836F340B0D /* Pods-TermoTests.debug.xcconfig */,
				970F45EB14EBF4C68CA2153E /* Pods-TermoTests.release.xcconfig */,
			);
			path = Pods;
			sourceTree = "<group>";
		};
		A940B9EF5ECB4E97EBCC6F9E /* Frameworks */ = {
			isa = PBXGroup;
			children = (
				7C31E9DBAE140086F5816E0A /* Pods_Termo.framework */,
				3DD8699978CB47804C676389 /* Pods_Termo_TermoUITests.framework */,
				81AB65A2AC9F53DC8D4301FD /* Pods_TermoTests.framework */,
			);
			name = Frameworks;
			sourceTree = "<group>";
		};
/* End PBXGroup section */

/* Begin PBXNativeTarget section */
		209BA45A2856381A00D6AFDF /* Termo */ = {
			isa = PBXNativeTarget;
			buildConfigurationList = 209BA4882856381B00D6AFDF /* Build configuration list for PBXNativeTarget "Termo" */;
			buildPhases = (
				3FA697F79A0615B5BF88B2F2 /* [CP] Check Pods Manifest.lock */,
				209BA4572856381A00D6AFDF /* Sources */,
				209BA4582856381A00D6AFDF /* Frameworks */,
				209BA4592856381A00D6AFDF /* Resources */,
				7EBD1F5534FFD28D935151AF /* [CP] Embed Pods Frameworks */,
			);
			buildRules = (
			);
			dependencies = (
			);
			name = Termo;
			packageProductDependencies = (
				209BA49228563A2800D6AFDF /* TinyConstraints */,
				209BA67D28577A1B00D6AFDF /* TinyConstraints */,
			);
			productName = Termo;
			productReference = 209BA45B2856381A00D6AFDF /* Termo.app */;
			productType = "com.apple.product-type.application";
		};
		209BA4732856381B00D6AFDF /* TermoTests */ = {
			isa = PBXNativeTarget;
			buildConfigurationList = 209BA48B2856381B00D6AFDF /* Build configuration list for PBXNativeTarget "TermoTests" */;
			buildPhases = (
				6CB28DC92B2C0B680C7A13B0 /* [CP] Check Pods Manifest.lock */,
				209BA4702856381B00D6AFDF /* Sources */,
				209BA4712856381B00D6AFDF /* Frameworks */,
				209BA4722856381B00D6AFDF /* Resources */,
			);
			buildRules = (
			);
			dependencies = (
				209BA4762856381B00D6AFDF /* PBXTargetDependency */,
			);
			name = TermoTests;
			productName = TermoTests;
			productReference = 209BA4742856381B00D6AFDF /* TermoTests.xctest */;
			productType = "com.apple.product-type.bundle.unit-test";
		};
		209BA47D2856381B00D6AFDF /* TermoUITests */ = {
			isa = PBXNativeTarget;
			buildConfigurationList = 209BA48E2856381B00D6AFDF /* Build configuration list for PBXNativeTarget "TermoUITests" */;
			buildPhases = (
				5D087FF5E8F8847559FDAC6E /* [CP] Check Pods Manifest.lock */,
				209BA47A2856381B00D6AFDF /* Sources */,
				209BA47B2856381B00D6AFDF /* Frameworks */,
				209BA47C2856381B00D6AFDF /* Resources */,
				E7A9451D37B42C4E84A8564A /* [CP] Embed Pods Frameworks */,
			);
			buildRules = (
			);
			dependencies = (
				209BA4802856381B00D6AFDF /* PBXTargetDependency */,
			);
			name = TermoUITests;
			productName = TermoUITests;
			productReference = 209BA47E2856381B00D6AFDF /* TermoUITests.xctest */;
			productType = "com.apple.product-type.bundle.ui-testing";
		};
/* End PBXNativeTarget section */

/* Begin PBXProject section */
		209BA4532856381A00D6AFDF /* Project object */ = {
			isa = PBXProject;
			attributes = {
				BuildIndependentTargetsInParallel = 1;
				LastSwiftUpdateCheck = 1340;
				LastUpgradeCheck = 1340;
				TargetAttributes = {
					209BA45A2856381A00D6AFDF = {
						CreatedOnToolsVersion = 13.4;
					};
					209BA4732856381B00D6AFDF = {
						CreatedOnToolsVersion = 13.4;
						TestTargetID = 209BA45A2856381A00D6AFDF;
					};
					209BA47D2856381B00D6AFDF = {
						CreatedOnToolsVersion = 13.4;
						TestTargetID = 209BA45A2856381A00D6AFDF;
					};
				};
			};
			buildConfigurationList = 209BA4562856381A00D6AFDF /* Build configuration list for PBXProject "Termo" */;
			compatibilityVersion = "Xcode 13.0";
			developmentRegion = en;
			hasScannedForEncodings = 0;
			knownRegions = (
				en,
				Base,
			);
			mainGroup = 209BA4522856381A00D6AFDF;
			packageReferences = (
				209BA49128563A2800D6AFDF /* XCRemoteSwiftPackageReference "TinyConstraints" */,
				209BA67C28577A1B00D6AFDF /* XCRemoteSwiftPackageReference "TinyConstraints" */,
			);
			productRefGroup = 209BA45C2856381A00D6AFDF /* Products */;
			projectDirPath = "";
			projectRoot = "";
			targets = (
				209BA45A2856381A00D6AFDF /* Termo */,
				209BA4732856381B00D6AFDF /* TermoTests */,
				209BA47D2856381B00D6AFDF /* TermoUITests */,
			);
		};
/* End PBXProject section */

/* Begin PBXResourcesBuildPhase section */
		209BA4592856381A00D6AFDF /* Resources */ = {
			isa = PBXResourcesBuildPhase;
			buildActionMask = 2147483647;
			files = (
				209BA46E2856381A00D6AFDF /* LaunchScreen.storyboard in Resources */,
				209BA46B2856381A00D6AFDF /* Assets.xcassets in Resources */,
			);
			runOnlyForDeploymentPostprocessing = 0;
		};
		209BA4722856381B00D6AFDF /* Resources */ = {
			isa = PBXResourcesBuildPhase;
			buildActionMask = 2147483647;
			files = (
			);
			runOnlyForDeploymentPostprocessing = 0;
		};
		209BA47C2856381B00D6AFDF /* Resources */ = {
			isa = PBXResourcesBuildPhase;
			buildActionMask = 2147483647;
			files = (
			);
			runOnlyForDeploymentPostprocessing = 0;
		};
/* End PBXResourcesBuildPhase section */

/* Begin PBXShellScriptBuildPhase section */
		3FA697F79A0615B5BF88B2F2 /* [CP] Check Pods Manifest.lock */ = {
			isa = PBXShellScriptBuildPhase;
			buildActionMask = 2147483647;
			files = (
			);
			inputFileListPaths = (
			);
			inputPaths = (
				"${PODS_PODFILE_DIR_PATH}/Podfile.lock",
				"${PODS_ROOT}/Manifest.lock",
			);
			name = "[CP] Check Pods Manifest.lock";
			outputFileListPaths = (
			);
			outputPaths = (
				"$(DERIVED_FILE_DIR)/Pods-Termo-checkManifestLockResult.txt",
			);
			runOnlyForDeploymentPostprocessing = 0;
			shellPath = /bin/sh;
			shellScript = "diff \"${PODS_PODFILE_DIR_PATH}/Podfile.lock\" \"${PODS_ROOT}/Manifest.lock\" > /dev/null\nif [ $? != 0 ] ; then\n    # print error to STDERR\n    echo \"error: The sandbox is not in sync with the Podfile.lock. Run 'pod install' or update your CocoaPods installation.\" >&2\n    exit 1\nfi\n# This output is used by Xcode 'outputs' to avoid re-running this script phase.\necho \"SUCCESS\" > \"${SCRIPT_OUTPUT_FILE_0}\"\n";
			showEnvVarsInLog = 0;
		};
		5D087FF5E8F8847559FDAC6E /* [CP] Check Pods Manifest.lock */ = {
			isa = PBXShellScriptBuildPhase;
			buildActionMask = 2147483647;
			files = (
			);
			inputFileListPaths = (
			);
			inputPaths = (
				"${PODS_PODFILE_DIR_PATH}/Podfile.lock",
				"${PODS_ROOT}/Manifest.lock",
			);
			name = "[CP] Check Pods Manifest.lock";
			outputFileListPaths = (
			);
			outputPaths = (
				"$(DERIVED_FILE_DIR)/Pods-Termo-TermoUITests-checkManifestLockResult.txt",
			);
			runOnlyForDeploymentPostprocessing = 0;
			shellPath = /bin/sh;
			shellScript = "diff \"${PODS_PODFILE_DIR_PATH}/Podfile.lock\" \"${PODS_ROOT}/Manifest.lock\" > /dev/null\nif [ $? != 0 ] ; then\n    # print error to STDERR\n    echo \"error: The sandbox is not in sync with the Podfile.lock. Run 'pod install' or update your CocoaPods installation.\" >&2\n    exit 1\nfi\n# This output is used by Xcode 'outputs' to avoid re-running this script phase.\necho \"SUCCESS\" > \"${SCRIPT_OUTPUT_FILE_0}\"\n";
			showEnvVarsInLog = 0;
		};
		6CB28DC92B2C0B680C7A13B0 /* [CP] Check Pods Manifest.lock */ = {
			isa = PBXShellScriptBuildPhase;
			buildActionMask = 2147483647;
			files = (
			);
			inputFileListPaths = (
			);
			inputPaths = (
				"${PODS_PODFILE_DIR_PATH}/Podfile.lock",
				"${PODS_ROOT}/Manifest.lock",
			);
			name = "[CP] Check Pods Manifest.lock";
			outputFileListPaths = (
			);
			outputPaths = (
				"$(DERIVED_FILE_DIR)/Pods-TermoTests-checkManifestLockResult.txt",
			);
			runOnlyForDeploymentPostprocessing = 0;
			shellPath = /bin/sh;
			shellScript = "diff \"${PODS_PODFILE_DIR_PATH}/Podfile.lock\" \"${PODS_ROOT}/Manifest.lock\" > /dev/null\nif [ $? != 0 ] ; then\n    # print error to STDERR\n    echo \"error: The sandbox is not in sync with the Podfile.lock. Run 'pod install' or update your CocoaPods installation.\" >&2\n    exit 1\nfi\n# This output is used by Xcode 'outputs' to avoid re-running this script phase.\necho \"SUCCESS\" > \"${SCRIPT_OUTPUT_FILE_0}\"\n";
			showEnvVarsInLog = 0;
		};
		7EBD1F5534FFD28D935151AF /* [CP] Embed Pods Frameworks */ = {
			isa = PBXShellScriptBuildPhase;
			buildActionMask = 2147483647;
			files = (
			);
			inputFileListPaths = (
				"${PODS_ROOT}/Target Support Files/Pods-Termo/Pods-Termo-frameworks-${CONFIGURATION}-input-files.xcfilelist",
			);
			name = "[CP] Embed Pods Frameworks";
			outputFileListPaths = (
				"${PODS_ROOT}/Target Support Files/Pods-Termo/Pods-Termo-frameworks-${CONFIGURATION}-output-files.xcfilelist",
			);
			runOnlyForDeploymentPostprocessing = 0;
			shellPath = /bin/sh;
			shellScript = "\"${PODS_ROOT}/Target Support Files/Pods-Termo/Pods-Termo-frameworks.sh\"\n";
			showEnvVarsInLog = 0;
		};
		E7A9451D37B42C4E84A8564A /* [CP] Embed Pods Frameworks */ = {
			isa = PBXShellScriptBuildPhase;
			buildActionMask = 2147483647;
			files = (
			);
			inputFileListPaths = (
				"${PODS_ROOT}/Target Support Files/Pods-Termo-TermoUITests/Pods-Termo-TermoUITests-frameworks-${CONFIGURATION}-input-files.xcfilelist",
			);
			name = "[CP] Embed Pods Frameworks";
			outputFileListPaths = (
				"${PODS_ROOT}/Target Support Files/Pods-Termo-TermoUITests/Pods-Termo-TermoUITests-frameworks-${CONFIGURATION}-output-files.xcfilelist",
			);
			runOnlyForDeploymentPostprocessing = 0;
			shellPath = /bin/sh;
			shellScript = "\"${PODS_ROOT}/Target Support Files/Pods-Termo-TermoUITests/Pods-Termo-TermoUITests-frameworks.sh\"\n";
			showEnvVarsInLog = 0;
		};
/* End PBXShellScriptBuildPhase section */

/* Begin PBXSourcesBuildPhase section */
		209BA4572856381A00D6AFDF /* Sources */ = {
			isa = PBXSourcesBuildPhase;
			buildActionMask = 2147483647;
			files = (
				209BA6672857741200D6AFDF /* GameViewController.swift in Sources */,
				209BA49728563CB700D6AFDF /* AppCoordinator.swift in Sources */,
				209BA4632856381A00D6AFDF /* HomeViewController.swift in Sources */,
				209BA4692856381A00D6AFDF /* Termo.xcdatamodeld in Sources */,
				209BA665285771C600D6AFDF /* HomeView.swift in Sources */,
				209BA664285771C600D6AFDF /* HomeViewModel.swift in Sources */,
				209BA45F2856381A00D6AFDF /* AppDelegate.swift in Sources */,
			);
			runOnlyForDeploymentPostprocessing = 0;
		};
		209BA4702856381B00D6AFDF /* Sources */ = {
			isa = PBXSourcesBuildPhase;
			buildActionMask = 2147483647;
			files = (
				209BA4792856381B00D6AFDF /* TermoTests.swift in Sources */,
			);
			runOnlyForDeploymentPostprocessing = 0;
		};
		209BA47A2856381B00D6AFDF /* Sources */ = {
			isa = PBXSourcesBuildPhase;
			buildActionMask = 2147483647;
			files = (
				209BA4852856381B00D6AFDF /* TermoUITestsLaunchTests.swift in Sources */,
				209BA4832856381B00D6AFDF /* TermoUITests.swift in Sources */,
			);
			runOnlyForDeploymentPostprocessing = 0;
		};
/* End PBXSourcesBuildPhase section */

/* Begin PBXTargetDependency section */
		209BA4762856381B00D6AFDF /* PBXTargetDependency */ = {
			isa = PBXTargetDependency;
			target = 209BA45A2856381A00D6AFDF /* Termo */;
			targetProxy = 209BA4752856381B00D6AFDF /* PBXContainerItemProxy */;
		};
		209BA4802856381B00D6AFDF /* PBXTargetDependency */ = {
			isa = PBXTargetDependency;
			target = 209BA45A2856381A00D6AFDF /* Termo */;
			targetProxy = 209BA47F2856381B00D6AFDF /* PBXContainerItemProxy */;
		};
/* End PBXTargetDependency section */

/* Begin PBXVariantGroup section */
		209BA46C2856381A00D6AFDF /* LaunchScreen.storyboard */ = {
			isa = PBXVariantGroup;
			children = (
				209BA46D2856381A00D6AFDF /* Base */,
			);
			name = LaunchScreen.storyboard;
			sourceTree = "<group>";
		};
/* End PBXVariantGroup section */

/* Begin XCBuildConfiguration section */
		209BA4862856381B00D6AFDF /* Debug */ = {
			isa = XCBuildConfiguration;
			buildSettings = {
				ALWAYS_SEARCH_USER_PATHS = NO;
				CLANG_ANALYZER_NONNULL = YES;
				CLANG_ANALYZER_NUMBER_OBJECT_CONVERSION = YES_AGGRESSIVE;
				CLANG_CXX_LANGUAGE_STANDARD = "gnu++17";
				CLANG_ENABLE_MODULES = YES;
				CLANG_ENABLE_OBJC_ARC = YES;
				CLANG_ENABLE_OBJC_WEAK = YES;
				CLANG_WARN_BLOCK_CAPTURE_AUTORELEASING = YES;
				CLANG_WARN_BOOL_CONVERSION = YES;
				CLANG_WARN_COMMA = YES;
				CLANG_WARN_CONSTANT_CONVERSION = YES;
				CLANG_WARN_DEPRECATED_OBJC_IMPLEMENTATIONS = YES;
				CLANG_WARN_DIRECT_OBJC_ISA_USAGE = YES_ERROR;
				CLANG_WARN_DOCUMENTATION_COMMENTS = YES;
				CLANG_WARN_EMPTY_BODY = YES;
				CLANG_WARN_ENUM_CONVERSION = YES;
				CLANG_WARN_INFINITE_RECURSION = YES;
				CLANG_WARN_INT_CONVERSION = YES;
				CLANG_WARN_NON_LITERAL_NULL_CONVERSION = YES;
				CLANG_WARN_OBJC_IMPLICIT_RETAIN_SELF = YES;
				CLANG_WARN_OBJC_LITERAL_CONVERSION = YES;
				CLANG_WARN_OBJC_ROOT_CLASS = YES_ERROR;
				CLANG_WARN_QUOTED_INCLUDE_IN_FRAMEWORK_HEADER = YES;
				CLANG_WARN_RANGE_LOOP_ANALYSIS = YES;
				CLANG_WARN_STRICT_PROTOTYPES = YES;
				CLANG_WARN_SUSPICIOUS_MOVE = YES;
				CLANG_WARN_UNGUARDED_AVAILABILITY = YES_AGGRESSIVE;
				CLANG_WARN_UNREACHABLE_CODE = YES;
				CLANG_WARN__DUPLICATE_METHOD_MATCH = YES;
				COPY_PHASE_STRIP = NO;
				DEBUG_INFORMATION_FORMAT = dwarf;
				ENABLE_STRICT_OBJC_MSGSEND = YES;
				ENABLE_TESTABILITY = YES;
				GCC_C_LANGUAGE_STANDARD = gnu11;
				GCC_DYNAMIC_NO_PIC = NO;
				GCC_NO_COMMON_BLOCKS = YES;
				GCC_OPTIMIZATION_LEVEL = 0;
				GCC_PREPROCESSOR_DEFINITIONS = (
					"DEBUG=1",
					"$(inherited)",
				);
				GCC_WARN_64_TO_32_BIT_CONVERSION = YES;
				GCC_WARN_ABOUT_RETURN_TYPE = YES_ERROR;
				GCC_WARN_UNDECLARED_SELECTOR = YES;
				GCC_WARN_UNINITIALIZED_AUTOS = YES_AGGRESSIVE;
				GCC_WARN_UNUSED_FUNCTION = YES;
				GCC_WARN_UNUSED_VARIABLE = YES;
				IPHONEOS_DEPLOYMENT_TARGET = 15.5;
				MTL_ENABLE_DEBUG_INFO = INCLUDE_SOURCE;
				MTL_FAST_MATH = YES;
				ONLY_ACTIVE_ARCH = YES;
				SDKROOT = iphoneos;
				SWIFT_ACTIVE_COMPILATION_CONDITIONS = DEBUG;
				SWIFT_OPTIMIZATION_LEVEL = "-Onone";
			};
			name = Debug;
		};
		209BA4872856381B00D6AFDF /* Release */ = {
			isa = XCBuildConfiguration;
			buildSettings = {
				ALWAYS_SEARCH_USER_PATHS = NO;
				CLANG_ANALYZER_NONNULL = YES;
				CLANG_ANALYZER_NUMBER_OBJECT_CONVERSION = YES_AGGRESSIVE;
				CLANG_CXX_LANGUAGE_STANDARD = "gnu++17";
				CLANG_ENABLE_MODULES = YES;
				CLANG_ENABLE_OBJC_ARC = YES;
				CLANG_ENABLE_OBJC_WEAK = YES;
				CLANG_WARN_BLOCK_CAPTURE_AUTORELEASING = YES;
				CLANG_WARN_BOOL_CONVERSION = YES;
				CLANG_WARN_COMMA = YES;
				CLANG_WARN_CONSTANT_CONVERSION = YES;
				CLANG_WARN_DEPRECATED_OBJC_IMPLEMENTATIONS = YES;
				CLANG_WARN_DIRECT_OBJC_ISA_USAGE = YES_ERROR;
				CLANG_WARN_DOCUMENTATION_COMMENTS = YES;
				CLANG_WARN_EMPTY_BODY = YES;
				CLANG_WARN_ENUM_CONVERSION = YES;
				CLANG_WARN_INFINITE_RECURSION = YES;
				CLANG_WARN_INT_CONVERSION = YES;
				CLANG_WARN_NON_LITERAL_NULL_CONVERSION = YES;
				CLANG_WARN_OBJC_IMPLICIT_RETAIN_SELF = YES;
				CLANG_WARN_OBJC_LITERAL_CONVERSION = YES;
				CLANG_WARN_OBJC_ROOT_CLASS = YES_ERROR;
				CLANG_WARN_QUOTED_INCLUDE_IN_FRAMEWORK_HEADER = YES;
				CLANG_WARN_RANGE_LOOP_ANALYSIS = YES;
				CLANG_WARN_STRICT_PROTOTYPES = YES;
				CLANG_WARN_SUSPICIOUS_MOVE = YES;
				CLANG_WARN_UNGUARDED_AVAILABILITY = YES_AGGRESSIVE;
				CLANG_WARN_UNREACHABLE_CODE = YES;
				CLANG_WARN__DUPLICATE_METHOD_MATCH = YES;
				COPY_PHASE_STRIP = NO;
				DEBUG_INFORMATION_FORMAT = "dwarf-with-dsym";
				ENABLE_NS_ASSERTIONS = NO;
				ENABLE_STRICT_OBJC_MSGSEND = YES;
				GCC_C_LANGUAGE_STANDARD = gnu11;
				GCC_NO_COMMON_BLOCKS = YES;
				GCC_WARN_64_TO_32_BIT_CONVERSION = YES;
				GCC_WARN_ABOUT_RETURN_TYPE = YES_ERROR;
				GCC_WARN_UNDECLARED_SELECTOR = YES;
				GCC_WARN_UNINITIALIZED_AUTOS = YES_AGGRESSIVE;
				GCC_WARN_UNUSED_FUNCTION = YES;
				GCC_WARN_UNUSED_VARIABLE = YES;
				IPHONEOS_DEPLOYMENT_TARGET = 15.5;
				MTL_ENABLE_DEBUG_INFO = NO;
				MTL_FAST_MATH = YES;
				SDKROOT = iphoneos;
				SWIFT_COMPILATION_MODE = wholemodule;
				SWIFT_OPTIMIZATION_LEVEL = "-O";
				VALIDATE_PRODUCT = YES;
			};
			name = Release;
		};
		209BA4892856381B00D6AFDF /* Debug */ = {
			isa = XCBuildConfiguration;
			baseConfigurationReference = 6AACE1D1EF48F34E74E3B051 /* Pods-Termo.debug.xcconfig */;
			buildSettings = {
				ASSETCATALOG_COMPILER_APPICON_NAME = AppIcon;
				ASSETCATALOG_COMPILER_GLOBAL_ACCENT_COLOR_NAME = AccentColor;
				CODE_SIGN_STYLE = Automatic;
				CURRENT_PROJECT_VERSION = 1;
				DEVELOPMENT_TEAM = JNXAHZ4P2R;
				GENERATE_INFOPLIST_FILE = YES;
				INFOPLIST_FILE = Termo/Info.plist;
				INFOPLIST_KEY_UIApplicationSupportsIndirectInputEvents = YES;
				INFOPLIST_KEY_UILaunchStoryboardName = LaunchScreen;
				INFOPLIST_KEY_UISupportedInterfaceOrientations_iPad = "UIInterfaceOrientationPortrait UIInterfaceOrientationPortraitUpsideDown UIInterfaceOrientationLandscapeLeft UIInterfaceOrientationLandscapeRight";
				INFOPLIST_KEY_UISupportedInterfaceOrientations_iPhone = "UIInterfaceOrientationPortrait UIInterfaceOrientationLandscapeLeft UIInterfaceOrientationLandscapeRight";
				LD_RUNPATH_SEARCH_PATHS = (
					"$(inherited)",
					"@executable_path/Frameworks",
				);
				MARKETING_VERSION = 1.0;
				PRODUCT_BUNDLE_IDENTIFIER = com.yagoaugusto.Termo;
				PRODUCT_NAME = "$(TARGET_NAME)";
				SWIFT_EMIT_LOC_STRINGS = YES;
				SWIFT_VERSION = 5.0;
				TARGETED_DEVICE_FAMILY = "1,2";
			};
			name = Debug;
		};
		209BA48A2856381B00D6AFDF /* Release */ = {
			isa = XCBuildConfiguration;
			baseConfigurationReference = 1F3C1A3281442CB4F30EC072 /* Pods-Termo.release.xcconfig */;
			buildSettings = {
				ASSETCATALOG_COMPILER_APPICON_NAME = AppIcon;
				ASSETCATALOG_COMPILER_GLOBAL_ACCENT_COLOR_NAME = AccentColor;
				CODE_SIGN_STYLE = Automatic;
				CURRENT_PROJECT_VERSION = 1;
				DEVELOPMENT_TEAM = JNXAHZ4P2R;
				GENERATE_INFOPLIST_FILE = YES;
				INFOPLIST_FILE = Termo/Info.plist;
				INFOPLIST_KEY_UIApplicationSupportsIndirectInputEvents = YES;
				INFOPLIST_KEY_UILaunchStoryboardName = LaunchScreen;
				INFOPLIST_KEY_UISupportedInterfaceOrientations_iPad = "UIInterfaceOrientationPortrait UIInterfaceOrientationPortraitUpsideDown UIInterfaceOrientationLandscapeLeft UIInterfaceOrientationLandscapeRight";
				INFOPLIST_KEY_UISupportedInterfaceOrientations_iPhone = "UIInterfaceOrientationPortrait UIInterfaceOrientationLandscapeLeft UIInterfaceOrientationLandscapeRight";
				LD_RUNPATH_SEARCH_PATHS = (
					"$(inherited)",
					"@executable_path/Frameworks",
				);
				MARKETING_VERSION = 1.0;
				PRODUCT_BUNDLE_IDENTIFIER = com.yagoaugusto.Termo;
				PRODUCT_NAME = "$(TARGET_NAME)";
				SWIFT_EMIT_LOC_STRINGS = YES;
				SWIFT_VERSION = 5.0;
				TARGETED_DEVICE_FAMILY = "1,2";
			};
			name = Release;
		};
		209BA48C2856381B00D6AFDF /* Debug */ = {
			isa = XCBuildConfiguration;
			baseConfigurationReference = EB92389256157A836F340B0D /* Pods-TermoTests.debug.xcconfig */;
			buildSettings = {
				ALWAYS_EMBED_SWIFT_STANDARD_LIBRARIES = YES;
				BUNDLE_LOADER = "$(TEST_HOST)";
				CODE_SIGN_STYLE = Automatic;
				CURRENT_PROJECT_VERSION = 1;
				DEVELOPMENT_TEAM = JNXAHZ4P2R;
				GENERATE_INFOPLIST_FILE = YES;
				IPHONEOS_DEPLOYMENT_TARGET = 15.5;
				MARKETING_VERSION = 1.0;
				PRODUCT_BUNDLE_IDENTIFIER = com.yagoaugusto.TermoTests;
				PRODUCT_NAME = "$(TARGET_NAME)";
				SWIFT_EMIT_LOC_STRINGS = NO;
				SWIFT_VERSION = 5.0;
				TARGETED_DEVICE_FAMILY = "1,2";
				TEST_HOST = "$(BUILT_PRODUCTS_DIR)/Termo.app/Termo";
			};
			name = Debug;
		};
		209BA48D2856381B00D6AFDF /* Release */ = {
			isa = XCBuildConfiguration;
			baseConfigurationReference = 970F45EB14EBF4C68CA2153E /* Pods-TermoTests.release.xcconfig */;
			buildSettings = {
				ALWAYS_EMBED_SWIFT_STANDARD_LIBRARIES = YES;
				BUNDLE_LOADER = "$(TEST_HOST)";
				CODE_SIGN_STYLE = Automatic;
				CURRENT_PROJECT_VERSION = 1;
				DEVELOPMENT_TEAM = JNXAHZ4P2R;
				GENERATE_INFOPLIST_FILE = YES;
				IPHONEOS_DEPLOYMENT_TARGET = 15.5;
				MARKETING_VERSION = 1.0;
				PRODUCT_BUNDLE_IDENTIFIER = com.yagoaugusto.TermoTests;
				PRODUCT_NAME = "$(TARGET_NAME)";
				SWIFT_EMIT_LOC_STRINGS = NO;
				SWIFT_VERSION = 5.0;
				TARGETED_DEVICE_FAMILY = "1,2";
				TEST_HOST = "$(BUILT_PRODUCTS_DIR)/Termo.app/Termo";
			};
			name = Release;
		};
		209BA48F2856381B00D6AFDF /* Debug */ = {
			isa = XCBuildConfiguration;
			baseConfigurationReference = A1AA8E630A2C26CDFE29D84A /* Pods-Termo-TermoUITests.debug.xcconfig */;
			buildSettings = {
				ALWAYS_EMBED_SWIFT_STANDARD_LIBRARIES = YES;
				CODE_SIGN_STYLE = Automatic;
				CURRENT_PROJECT_VERSION = 1;
				DEVELOPMENT_TEAM = JNXAHZ4P2R;
				GENERATE_INFOPLIST_FILE = YES;
				MARKETING_VERSION = 1.0;
				PRODUCT_BUNDLE_IDENTIFIER = com.yagoaugusto.TermoUITests;
				PRODUCT_NAME = "$(TARGET_NAME)";
				SWIFT_EMIT_LOC_STRINGS = NO;
				SWIFT_VERSION = 5.0;
				TARGETED_DEVICE_FAMILY = "1,2";
				TEST_TARGET_NAME = Termo;
			};
			name = Debug;
		};
		209BA4902856381B00D6AFDF /* Release */ = {
			isa = XCBuildConfiguration;
			baseConfigurationReference = 3CA7A9530B1740F285C58DFF /* Pods-Termo-TermoUITests.release.xcconfig */;
			buildSettings = {
				ALWAYS_EMBED_SWIFT_STANDARD_LIBRARIES = YES;
				CODE_SIGN_STYLE = Automatic;
				CURRENT_PROJECT_VERSION = 1;
				DEVELOPMENT_TEAM = JNXAHZ4P2R;
				GENERATE_INFOPLIST_FILE = YES;
				MARKETING_VERSION = 1.0;
				PRODUCT_BUNDLE_IDENTIFIER = com.yagoaugusto.TermoUITests;
				PRODUCT_NAME = "$(TARGET_NAME)";
				SWIFT_EMIT_LOC_STRINGS = NO;
				SWIFT_VERSION = 5.0;
				TARGETED_DEVICE_FAMILY = "1,2";
				TEST_TARGET_NAME = Termo;
			};
			name = Release;
		};
/* End XCBuildConfiguration section */

/* Begin XCConfigurationList section */
		209BA4562856381A00D6AFDF /* Build configuration list for PBXProject "Termo" */ = {
			isa = XCConfigurationList;
			buildConfigurations = (
				209BA4862856381B00D6AFDF /* Debug */,
				209BA4872856381B00D6AFDF /* Release */,
			);
			defaultConfigurationIsVisible = 0;
			defaultConfigurationName = Release;
		};
		209BA4882856381B00D6AFDF /* Build configuration list for PBXNativeTarget "Termo" */ = {
			isa = XCConfigurationList;
			buildConfigurations = (
				209BA4892856381B00D6AFDF /* Debug */,
				209BA48A2856381B00D6AFDF /* Release */,
			);
			defaultConfigurationIsVisible = 0;
			defaultConfigurationName = Release;
		};
		209BA48B2856381B00D6AFDF /* Build configuration list for PBXNativeTarget "TermoTests" */ = {
			isa = XCConfigurationList;
			buildConfigurations = (
				209BA48C2856381B00D6AFDF /* Debug */,
				209BA48D2856381B00D6AFDF /* Release */,
			);
			defaultConfigurationIsVisible = 0;
			defaultConfigurationName = Release;
		};
		209BA48E2856381B00D6AFDF /* Build configuration list for PBXNativeTarget "TermoUITests" */ = {
			isa = XCConfigurationList;
			buildConfigurations = (
				209BA48F2856381B00D6AFDF /* Debug */,
				209BA4902856381B00D6AFDF /* Release */,
			);
			defaultConfigurationIsVisible = 0;
			defaultConfigurationName = Release;
		};
/* End XCConfigurationList section */

/* Begin XCRemoteSwiftPackageReference section */
		209BA49128563A2800D6AFDF /* XCRemoteSwiftPackageReference "TinyConstraints" */ = {
			isa = XCRemoteSwiftPackageReference;
			repositoryURL = "https://github.com/roberthein/TinyConstraints.git";
			requirement = {
				branch = master;
				kind = branch;
			};
		};
		209BA67C28577A1B00D6AFDF /* XCRemoteSwiftPackageReference "TinyConstraints" */ = {
			isa = XCRemoteSwiftPackageReference;
			repositoryURL = "https://github.com/roberthein/TinyConstraints.git";
			requirement = {
				branch = master;
				kind = branch;
			};
		};
/* End XCRemoteSwiftPackageReference section */

/* Begin XCSwiftPackageProductDependency section */
		209BA49228563A2800D6AFDF /* TinyConstraints */ = {
			isa = XCSwiftPackageProductDependency;
			package = 209BA49128563A2800D6AFDF /* XCRemoteSwiftPackageReference "TinyConstraints" */;
			productName = TinyConstraints;
		};
		209BA67D28577A1B00D6AFDF /* TinyConstraints */ = {
			isa = XCSwiftPackageProductDependency;
			package = 209BA49128563A2800D6AFDF /* XCRemoteSwiftPackageReference "TinyConstraints" */;
			productName = TinyConstraints;
		};
/* End XCSwiftPackageProductDependency section */

/* Begin XCVersionGroup section */
		209BA4672856381A00D6AFDF /* Termo.xcdatamodeld */ = {
			isa = XCVersionGroup;
			children = (
				209BA4682856381A00D6AFDF /* Termo.xcdatamodel */,
			);
			currentVersion = 209BA4682856381A00D6AFDF /* Termo.xcdatamodel */;
			path = Termo.xcdatamodeld;
			sourceTree = "<group>";
			versionGroupType = wrapper.xcdatamodel;
		};
/* End XCVersionGroup section */
	};
	rootObject = 209BA4532856381A00D6AFDF /* Project object */;
}
